
Microsoft Visual Studio Solution File, Format Version 12.00
# Visual Studio 15
VisualStudioVersion = 15.0.28307.902
MinimumVisualStudioVersion = 10.0.40219.1
Project("{FAE04EC0-301F-11D3-BF4B-00C04F79EFBC}") = "Console1", "Console1\Console1.csproj", "{09E5947D-777F-4BBD-AAB8-6DC9543B6D15}"
EndProject
Global
	GlobalSection(SolutionConfigurationPlatforms) = preSolution
		Debug|Any CPU = Debug|Any CPU
		Release|Any CPU = Release|Any CPU
	EndGlobalSection
	GlobalSection(ProjectConfigurationPlatforms) = postSolution
		{09E5947D-777F-4BBD-AAB8-6DC9543B6D15}.Debug|Any CPU.ActiveCfg = Debug|Any CPU
		{09E5947D-777F-4BBD-AAB8-6DC9543B6D15}.Debug|Any CPU.Build.0 = Debug|Any CPU
		{09E5947D-777F-4BBD-AAB8-6DC9543B6D15}.Release|Any CPU.ActiveCfg = Release|Any CPU
		{09E5947D-777F-4BBD-AAB8-6DC9543B6D15}.Release|Any CPU.Build.0 = Release|Any CPU
	EndGlobalSection
	GlobalSection(SolutionProperties) = preSolution
		HideSolutionNode = FALSE
	EndGlobalSection
	GlobalSection(ExtensibilityGlobals) = postSolution
		SolutionGuid = {3898F5A0-5C3F-4945-BA69-8E614679112B}
	EndGlobalSection
EndGlobal
